
Microsoft Visual Studio Solution File, Format Version 12.00
# Visual Studio Version 17
VisualStudioVersion = 17.12.35707.178
MinimumVisualStudioVersion = 10.0.40219.1
Project("{FAE04EC0-301F-11D3-BF4B-00C04F79EFBC}") = "CodeFlow.Start.Lib", "CodeFlow.Start.Lib\CodeFlow.Start.Lib.csproj", "{D5D45A45-92DF-4DE8-9E13-4CE74C913C63}"
EndProject
Project("{2150E333-8FDC-42A3-9474-1A3956D46DE8}") = "Solution Items", "Solution Items", "{BD7020C6-E44A-4DEF-91B4-2FAEEB33352E}"
	ProjectSection(SolutionItems) = preProject
		.editorconfig = .editorconfig
		.github\workflows\gh-nuget-package.yml = .github\workflows\gh-nuget-package.yml
	EndProjectSection
EndProject
Global
	GlobalSection(SolutionConfigurationPlatforms) = preSolution
		Debug|Any CPU = Debug|Any CPU
		Release|Any CPU = Release|Any CPU
	EndGlobalSection
	GlobalSection(ProjectConfigurationPlatforms) = postSolution
		{D5D45A45-92DF-4DE8-9E13-4CE74C913C63}.Debug|Any CPU.ActiveCfg = Debug|Any CPU
		{D5D45A45-92DF-4DE8-9E13-4CE74C913C63}.Debug|Any CPU.Build.0 = Debug|Any CPU
		{D5D45A45-92DF-4DE8-9E13-4CE74C913C63}.Release|Any CPU.ActiveCfg = Release|Any CPU
		{D5D45A45-92DF-4DE8-9E13-4CE74C913C63}.Release|Any CPU.Build.0 = Release|Any CPU
	EndGlobalSection
	GlobalSection(SolutionProperties) = preSolution
		HideSolutionNode = FALSE
	EndGlobalSection
EndGlobal
